// !$*UTF8*$!
{
	archiveVersion = 1;
	classes = {
	};
	objectVersion = 56;
	objects = {

/* Begin PBXBuildFile section */
		EB090D582B2193A500193A27 /* Insta360OSCManager.swift in Sources */ = {isa = PBXBuildFile; fileRef = EB090D572B2193A500193A27 /* Insta360OSCManager.swift */; };
		EB1B0D222BB52D5E005A7186 /* AppLogger.swift in Sources */ = {isa = PBXBuildFile; fileRef = EB1B0D212BB52D5E005A7186 /* AppLogger.swift */; };
		EB1B0D242BB52D78005A7186 /* AppLogFormatter.swift in Sources */ = {isa = PBXBuildFile; fileRef = EB1B0D232BB52D78005A7186 /* AppLogFormatter.swift */; };
		EB1B0D262BB52D8D005A7186 /* AppLogFileManager.swift in Sources */ = {isa = PBXBuildFile; fileRef = EB1B0D252BB52D8D005A7186 /* AppLogFileManager.swift */; };
		EB6920D92BA19331003D153D /* client_sdk.xcframework in Frameworks */ = {isa = PBXBuildFile; fileRef = EB6920D32BA19331003D153D /* client_sdk.xcframework */; };
		EB6920DA2BA19331003D153D /* client_sdk.xcframework in Embed Frameworks */ = {isa = PBXBuildFile; fileRef = EB6920D32BA19331003D153D /* client_sdk.xcframework */; settings = {ATTRIBUTES = (CodeSignOnCopy, RemoveHeadersOnCopy, ); }; };
		EBA4DC612BB134F100D798E1 /* Main_iPad.storyboard in Resources */ = {isa = PBXBuildFile; fileRef = EBA4DC602BB134F100D798E1 /* Main_iPad.storyboard */; };
		EBA4DC622BB135CE00D798E1 /* WebRTC.xcframework in Frameworks */ = {isa = PBXBuildFile; fileRef = EB6920D12BA19331003D153D /* WebRTC.xcframework */; };
		EBA4DC632BB135CE00D798E1 /* WebRTC.xcframework in Embed Frameworks */ = {isa = PBXBuildFile; fileRef = EB6920D12BA19331003D153D /* WebRTC.xcframework */; settings = {ATTRIBUTES = (CodeSignOnCopy, RemoveHeadersOnCopy, ); }; };
		EBA4DC642BB135F100D798E1 /* INSCameraSDK.xcframework in Frameworks */ = {isa = PBXBuildFile; fileRef = EB9FE06B2B0B2516008D216F /* INSCameraSDK.xcframework */; };
		EBA4DC652BB135F100D798E1 /* INSCameraSDK.xcframework in Embed Frameworks */ = {isa = PBXBuildFile; fileRef = EB9FE06B2B0B2516008D216F /* INSCameraSDK.xcframework */; settings = {ATTRIBUTES = (CodeSignOnCopy, RemoveHeadersOnCopy, ); }; };
		EBA4DC662BB135F100D798E1 /* INSCoreMedia.framework in Frameworks */ = {isa = PBXBuildFile; fileRef = EB9FE06C2B0B2517008D216F /* INSCoreMedia.framework */; };
		EBA4DC672BB135F100D798E1 /* INSCoreMedia.framework in Embed Frameworks */ = {isa = PBXBuildFile; fileRef = EB9FE06C2B0B2517008D216F /* INSCoreMedia.framework */; settings = {ATTRIBUTES = (CodeSignOnCopy, RemoveHeadersOnCopy, ); }; };
		EBC1E1E02B99A39A00DA35B4 /* AccessToken.swift in Sources */ = {isa = PBXBuildFile; fileRef = EBC1E1DF2B99A39A00DA35B4 /* AccessToken.swift */; };
		EBD898732B15D2B9003F18EF /* Insta360One.swift in Sources */ = {isa = PBXBuildFile; fileRef = EBD898722B15D2B9003F18EF /* Insta360One.swift */; };
		EBD898752B15D3BC003F18EF /* Insta360NanoS.swift in Sources */ = {isa = PBXBuildFile; fileRef = EBD898742B15D3BC003F18EF /* Insta360NanoS.swift */; };
		EBD898772B16C063003F18EF /* Insta360OneX.swift in Sources */ = {isa = PBXBuildFile; fileRef = EBD898762B16C063003F18EF /* Insta360OneX.swift */; };
		EBD898792B16C3BA003F18EF /* Insta360X3.swift in Sources */ = {isa = PBXBuildFile; fileRef = EBD898782B16C3BA003F18EF /* Insta360X3.swift */; };
		EBD8987B2B16C43C003F18EF /* Insta360EVO.swift in Sources */ = {isa = PBXBuildFile; fileRef = EBD8987A2B16C43C003F18EF /* Insta360EVO.swift */; };
		EBD8987D2B16C62C003F18EF /* Insta360Go.swift in Sources */ = {isa = PBXBuildFile; fileRef = EBD8987C2B16C62C003F18EF /* Insta360Go.swift */; };
		EBD8987F2B16C776003F18EF /* Insta360OneR.swift in Sources */ = {isa = PBXBuildFile; fileRef = EBD8987E2B16C776003F18EF /* Insta360OneR.swift */; };
		EBD898812B16CC78003F18EF /* Insta360OneRS.swift in Sources */ = {isa = PBXBuildFile; fileRef = EBD898802B16CC78003F18EF /* Insta360OneRS.swift */; };
		EBD898832B16D1F9003F18EF /* Insta360Sphere.swift in Sources */ = {isa = PBXBuildFile; fileRef = EBD898822B16D1F9003F18EF /* Insta360Sphere.swift */; };
		EBD898852B16DD14003F18EF /* Insta360Default.swift in Sources */ = {isa = PBXBuildFile; fileRef = EBD898842B16DD14003F18EF /* Insta360Default.swift */; };
		EBD898872B170D85003F18EF /* Settings.swift in Sources */ = {isa = PBXBuildFile; fileRef = EBD898862B170D85003F18EF /* Settings.swift */; };
		EBE29C2129DFE88000D7AC59 /* AppDelegate.swift in Sources */ = {isa = PBXBuildFile; fileRef = EBE29C2029DFE88000D7AC59 /* AppDelegate.swift */; };
		EBE29C2329DFE88000D7AC59 /* SceneDelegate.swift in Sources */ = {isa = PBXBuildFile; fileRef = EBE29C2229DFE88000D7AC59 /* SceneDelegate.swift */; };
		EBE29C2829DFE88100D7AC59 /* Main.storyboard in Resources */ = {isa = PBXBuildFile; fileRef = EBE29C2629DFE88100D7AC59 /* Main.storyboard */; };
		EBE29C2A29DFE88300D7AC59 /* Assets.xcassets in Resources */ = {isa = PBXBuildFile; fileRef = EBE29C2929DFE88300D7AC59 /* Assets.xcassets */; };
		EBE29C2D29DFE88300D7AC59 /* LaunchScreen.storyboard in Resources */ = {isa = PBXBuildFile; fileRef = EBE29C2B29DFE88300D7AC59 /* LaunchScreen.storyboard */; };
		EBF161172B15B4AE0073B077 /* Insta360CameraResolutionFactory.swift in Sources */ = {isa = PBXBuildFile; fileRef = EBF161162B15B4AE0073B077 /* Insta360CameraResolutionFactory.swift */; };
		EBF161192B15B5800073B077 /* Insta360Resolution.swift in Sources */ = {isa = PBXBuildFile; fileRef = EBF161182B15B5800073B077 /* Insta360Resolution.swift */; };
		EBF1611C2B15C75D0073B077 /* Insta360Nano.swift in Sources */ = {isa = PBXBuildFile; fileRef = EBF1611B2B15C75D0073B077 /* Insta360Nano.swift */; };
		EBFE960C2B01B46000F5E1F7 /* LSInsta360CameraViewController.swift in Sources */ = {isa = PBXBuildFile; fileRef = EBFE960B2B01B46000F5E1F7 /* LSInsta360CameraViewController.swift */; };
		FBCD17580E323738896236C4 /* Pods_ios_app_insta360.framework in Frameworks */ = {isa = PBXBuildFile; fileRef = 953D7D5946C78121504043CD /* Pods_ios_app_insta360.framework */; };
/* End PBXBuildFile section */

/* Begin PBXCopyFilesBuildPhase section */
		EB6920DD2BA19331003D153D /* Embed Frameworks */ = {
			isa = PBXCopyFilesBuildPhase;
			buildActionMask = 2147483647;
			dstPath = "";
			dstSubfolderSpec = 10;
			files = (
				EBA4DC632BB135CE00D798E1 /* WebRTC.xcframework in Embed Frameworks */,
				EBA4DC672BB135F100D798E1 /* INSCoreMedia.framework in Embed Frameworks */,
				EBA4DC652BB135F100D798E1 /* INSCameraSDK.xcframework in Embed Frameworks */,
				EB6920DA2BA19331003D153D /* client_sdk.xcframework in Embed Frameworks */,
			);
			name = "Embed Frameworks";
			runOnlyForDeploymentPostprocessing = 0;
		};
		EBFCBCB92B049A5800EBEE6F /* Embed Foundation Extensions */ = {
			isa = PBXCopyFilesBuildPhase;
			buildActionMask = 2147483647;
			dstPath = "";
			dstSubfolderSpec = 13;
			files = (
			);
			name = "Embed Foundation Extensions";
			runOnlyForDeploymentPostprocessing = 0;
		};
/* End PBXCopyFilesBuildPhase section */

/* Begin PBXFileReference section */
		5F81C686035B288761AD6C82 /* Pods-ios_app_insta360.debug.xcconfig */ = {isa = PBXFileReference; includeInIndex = 1; lastKnownFileType = text.xcconfig; name = "Pods-ios_app_insta360.debug.xcconfig"; path = "Target Support Files/Pods-ios_app_insta360/Pods-ios_app_insta360.debug.xcconfig"; sourceTree = "<group>"; };
		680E06EE481C07E0466E49C6 /* Pods-ios_app_insta360.release.xcconfig */ = {isa = PBXFileReference; includeInIndex = 1; lastKnownFileType = text.xcconfig; name = "Pods-ios_app_insta360.release.xcconfig"; path = "Target Support Files/Pods-ios_app_insta360/Pods-ios_app_insta360.release.xcconfig"; sourceTree = "<group>"; };
		953D7D5946C78121504043CD /* Pods_ios_app_insta360.framework */ = {isa = PBXFileReference; explicitFileType = wrapper.framework; includeInIndex = 0; path = Pods_ios_app_insta360.framework; sourceTree = BUILT_PRODUCTS_DIR; };
		EB090D572B2193A500193A27 /* Insta360OSCManager.swift */ = {isa = PBXFileReference; lastKnownFileType = sourcecode.swift; path = Insta360OSCManager.swift; sourceTree = "<group>"; };
		EB1B0D212BB52D5E005A7186 /* AppLogger.swift */ = {isa = PBXFileReference; lastKnownFileType = sourcecode.swift; path = AppLogger.swift; sourceTree = "<group>"; };
		EB1B0D232BB52D78005A7186 /* AppLogFormatter.swift */ = {isa = PBXFileReference; lastKnownFileType = sourcecode.swift; path = AppLogFormatter.swift; sourceTree = "<group>"; };
		EB1B0D252BB52D8D005A7186 /* AppLogFileManager.swift */ = {isa = PBXFileReference; lastKnownFileType = sourcecode.swift; path = AppLogFileManager.swift; sourceTree = "<group>"; };
		EB6920D12BA19331003D153D /* WebRTC.xcframework */ = {isa = PBXFileReference; lastKnownFileType = wrapper.xcframework; name = WebRTC.xcframework; path = ../../Frameworks/WebRTC.xcframework; sourceTree = "<group>"; };
		EB6920D22BA19331003D153D /* INSCameraSDK.xcframework */ = {isa = PBXFileReference; lastKnownFileType = wrapper.xcframework; name = INSCameraSDK.xcframework; path = ../../Frameworks/INSCameraSDK.xcframework; sourceTree = "<group>"; };
		EB6920D32BA19331003D153D /* client_sdk.xcframework */ = {isa = PBXFileReference; lastKnownFileType = wrapper.xcframework; name = client_sdk.xcframework; path = ../../Frameworks/client_sdk.xcframework; sourceTree = "<group>"; };
		EB6920D42BA19331003D153D /* INSCoreMedia.framework */ = {isa = PBXFileReference; lastKnownFileType = wrapper.framework; name = INSCoreMedia.framework; path = ../../Frameworks/INSCoreMedia.framework; sourceTree = "<group>"; };
		EB9FE06B2B0B2516008D216F /* INSCameraSDK.xcframework */ = {isa = PBXFileReference; lastKnownFileType = wrapper.xcframework; name = INSCameraSDK.xcframework; path = Frameworks/INSCameraSDK.xcframework; sourceTree = "<group>"; };
		EB9FE06C2B0B2517008D216F /* INSCoreMedia.framework */ = {isa = PBXFileReference; lastKnownFileType = wrapper.framework; name = INSCoreMedia.framework; path = Frameworks/INSCoreMedia.framework; sourceTree = "<group>"; };
		EBA4DC602BB134F100D798E1 /* Main_iPad.storyboard */ = {isa = PBXFileReference; lastKnownFileType = file.storyboard; path = Main_iPad.storyboard; sourceTree = "<group>"; };
		EBC1E1D52B99A26C00DA35B4 /* WebRTC.xcframework */ = {isa = PBXFileReference; lastKnownFileType = wrapper.xcframework; name = WebRTC.xcframework; path = Frameworks/WebRTC.xcframework; sourceTree = "<group>"; };
		EBC1E1D62B99A26C00DA35B4 /* client_sdk.xcframework */ = {isa = PBXFileReference; lastKnownFileType = wrapper.xcframework; name = client_sdk.xcframework; path = Frameworks/client_sdk.xcframework; sourceTree = "<group>"; };
		EBC1E1DF2B99A39A00DA35B4 /* AccessToken.swift */ = {isa = PBXFileReference; lastKnownFileType = sourcecode.swift; path = AccessToken.swift; sourceTree = "<group>"; };
		EBD898722B15D2B9003F18EF /* Insta360One.swift */ = {isa = PBXFileReference; lastKnownFileType = sourcecode.swift; path = Insta360One.swift; sourceTree = "<group>"; };
		EBD898742B15D3BC003F18EF /* Insta360NanoS.swift */ = {isa = PBXFileReference; lastKnownFileType = sourcecode.swift; path = Insta360NanoS.swift; sourceTree = "<group>"; };
		EBD898762B16C063003F18EF /* Insta360OneX.swift */ = {isa = PBXFileReference; lastKnownFileType = sourcecode.swift; path = Insta360OneX.swift; sourceTree = "<group>"; };
		EBD898782B16C3BA003F18EF /* Insta360X3.swift */ = {isa = PBXFileReference; lastKnownFileType = sourcecode.swift; path = Insta360X3.swift; sourceTree = "<group>"; };
		EBD8987A2B16C43C003F18EF /* Insta360EVO.swift */ = {isa = PBXFileReference; lastKnownFileType = sourcecode.swift; path = Insta360EVO.swift; sourceTree = "<group>"; };
		EBD8987C2B16C62C003F18EF /* Insta360Go.swift */ = {isa = PBXFileReference; lastKnownFileType = sourcecode.swift; path = Insta360Go.swift; sourceTree = "<group>"; };
		EBD8987E2B16C776003F18EF /* Insta360OneR.swift */ = {isa = PBXFileReference; lastKnownFileType = sourcecode.swift; path = Insta360OneR.swift; sourceTree = "<group>"; };
		EBD898802B16CC78003F18EF /* Insta360OneRS.swift */ = {isa = PBXFileReference; lastKnownFileType = sourcecode.swift; path = Insta360OneRS.swift; sourceTree = "<group>"; };
		EBD898822B16D1F9003F18EF /* Insta360Sphere.swift */ = {isa = PBXFileReference; lastKnownFileType = sourcecode.swift; path = Insta360Sphere.swift; sourceTree = "<group>"; };
		EBD898842B16DD14003F18EF /* Insta360Default.swift */ = {isa = PBXFileReference; lastKnownFileType = sourcecode.swift; path = Insta360Default.swift; sourceTree = "<group>"; };
		EBD898862B170D85003F18EF /* Settings.swift */ = {isa = PBXFileReference; lastKnownFileType = sourcecode.swift; path = Settings.swift; sourceTree = "<group>"; };
		EBD898882B171265003F18EF /* Config.debug.xcconfig */ = {isa = PBXFileReference; lastKnownFileType = text.xcconfig; path = Config.debug.xcconfig; sourceTree = "<group>"; };
		EBD8988A2B17168B003F18EF /* Config.release.xcconfig */ = {isa = PBXFileReference; lastKnownFileType = text.xcconfig; path = Config.release.xcconfig; sourceTree = "<group>"; };
		EBE29C1D29DFE88000D7AC59 /* ios_app_insta360.app */ = {isa = PBXFileReference; explicitFileType = wrapper.application; includeInIndex = 0; path = ios_app_insta360.app; sourceTree = BUILT_PRODUCTS_DIR; };
		EBE29C2029DFE88000D7AC59 /* AppDelegate.swift */ = {isa = PBXFileReference; lastKnownFileType = sourcecode.swift; path = AppDelegate.swift; sourceTree = "<group>"; };
		EBE29C2229DFE88000D7AC59 /* SceneDelegate.swift */ = {isa = PBXFileReference; lastKnownFileType = sourcecode.swift; path = SceneDelegate.swift; sourceTree = "<group>"; };
		EBE29C2729DFE88100D7AC59 /* Base */ = {isa = PBXFileReference; lastKnownFileType = file.storyboard; name = Base; path = Base.lproj/Main.storyboard; sourceTree = "<group>"; };
		EBE29C2929DFE88300D7AC59 /* Assets.xcassets */ = {isa = PBXFileReference; lastKnownFileType = folder.assetcatalog; path = Assets.xcassets; sourceTree = "<group>"; };
		EBE29C2C29DFE88300D7AC59 /* Base */ = {isa = PBXFileReference; lastKnownFileType = file.storyboard; name = Base; path = Base.lproj/LaunchScreen.storyboard; sourceTree = "<group>"; };
		EBE29C2E29DFE88300D7AC59 /* Info.plist */ = {isa = PBXFileReference; lastKnownFileType = text.plist.xml; path = Info.plist; sourceTree = "<group>"; };
		EBF161162B15B4AE0073B077 /* Insta360CameraResolutionFactory.swift */ = {isa = PBXFileReference; lastKnownFileType = sourcecode.swift; path = Insta360CameraResolutionFactory.swift; sourceTree = "<group>"; };
		EBF161182B15B5800073B077 /* Insta360Resolution.swift */ = {isa = PBXFileReference; lastKnownFileType = sourcecode.swift; path = Insta360Resolution.swift; sourceTree = "<group>"; };
		EBF1611B2B15C75D0073B077 /* Insta360Nano.swift */ = {isa = PBXFileReference; lastKnownFileType = sourcecode.swift; path = Insta360Nano.swift; sourceTree = "<group>"; };
		EBFCBCB02B049A5700EBEE6F /* ReplayKit.framework */ = {isa = PBXFileReference; lastKnownFileType = wrapper.framework; name = ReplayKit.framework; path = System/Library/Frameworks/ReplayKit.framework; sourceTree = SDKROOT; };
		EBFE960B2B01B46000F5E1F7 /* LSInsta360CameraViewController.swift */ = {isa = PBXFileReference; lastKnownFileType = sourcecode.swift; path = LSInsta360CameraViewController.swift; sourceTree = "<group>"; };
/* End PBXFileReference section */

/* Begin PBXFrameworksBuildPhase section */
		EBE29C1A29DFE88000D7AC59 /* Frameworks */ = {
			isa = PBXFrameworksBuildPhase;
			buildActionMask = 2147483647;
			files = (
				EBA4DC662BB135F100D798E1 /* INSCoreMedia.framework in Frameworks */,
				EBA4DC642BB135F100D798E1 /* INSCameraSDK.xcframework in Frameworks */,
				FBCD17580E323738896236C4 /* Pods_ios_app_insta360.framework in Frameworks */,
				EBA4DC622BB135CE00D798E1 /* WebRTC.xcframework in Frameworks */,
				EB6920D92BA19331003D153D /* client_sdk.xcframework in Frameworks */,
			);
			runOnlyForDeploymentPostprocessing = 0;
		};
/* End PBXFrameworksBuildPhase section */

/* Begin PBXGroup section */
		52FE16A458294F1EC9A00CAE /* Pods */ = {
			isa = PBXGroup;
			children = (
				5F81C686035B288761AD6C82 /* Pods-ios_app_insta360.debug.xcconfig */,
				680E06EE481C07E0466E49C6 /* Pods-ios_app_insta360.release.xcconfig */,
			);
			path = Pods;
			sourceTree = "<group>";
		};
		EB1B0D202BB52D47005A7186 /* Log */ = {
			isa = PBXGroup;
			children = (
				EB1B0D212BB52D5E005A7186 /* AppLogger.swift */,
				EB1B0D232BB52D78005A7186 /* AppLogFormatter.swift */,
				EB1B0D252BB52D8D005A7186 /* AppLogFileManager.swift */,
			);
			path = Log;
			sourceTree = "<group>";
		};
		EBC1E1DE2B99A37F00DA35B4 /* AccessToken */ = {
			isa = PBXGroup;
			children = (
				EBC1E1DF2B99A39A00DA35B4 /* AccessToken.swift */,
			);
			path = AccessToken;
			sourceTree = "<group>";
		};
		EBE29C1429DFE88000D7AC59 = {
			isa = PBXGroup;
			children = (
				EBD8988A2B17168B003F18EF /* Config.release.xcconfig */,
				EBD898882B171265003F18EF /* Config.debug.xcconfig */,
				EBE29C1F29DFE88000D7AC59 /* ios_app_insta360 */,
				EBE29C1E29DFE88000D7AC59 /* Products */,
				EBE29C3B29DFE97B00D7AC59 /* Frameworks */,
				52FE16A458294F1EC9A00CAE /* Pods */,
			);
			sourceTree = "<group>";
		};
		EBE29C1E29DFE88000D7AC59 /* Products */ = {
			isa = PBXGroup;
			children = (
				EBE29C1D29DFE88000D7AC59 /* ios_app_insta360.app */,
			);
			name = Products;
			sourceTree = "<group>";
		};
		EBE29C1F29DFE88000D7AC59 /* ios_app_insta360 */ = {
			isa = PBXGroup;
			children = (
				EB1B0D202BB52D47005A7186 /* Log */,
				EBC1E1DE2B99A37F00DA35B4 /* AccessToken */,
				EBF161152B15B4600073B077 /* Insta360 */,
				EBE29C2029DFE88000D7AC59 /* AppDelegate.swift */,
				EBE29C2229DFE88000D7AC59 /* SceneDelegate.swift */,
				EBFE960B2B01B46000F5E1F7 /* LSInsta360CameraViewController.swift */,
				EBD898862B170D85003F18EF /* Settings.swift */,
				EBE29C2629DFE88100D7AC59 /* Main.storyboard */,
				EBA4DC602BB134F100D798E1 /* Main_iPad.storyboard */,
				EBE29C2929DFE88300D7AC59 /* Assets.xcassets */,
				EBE29C2B29DFE88300D7AC59 /* LaunchScreen.storyboard */,
				EBE29C2E29DFE88300D7AC59 /* Info.plist */,
			);
			path = ios_app_insta360;
			sourceTree = "<group>";
		};
		EBE29C3B29DFE97B00D7AC59 /* Frameworks */ = {
			isa = PBXGroup;
			children = (
				EBC1E1D62B99A26C00DA35B4 /* client_sdk.xcframework */,
				EB6920D32BA19331003D153D /* client_sdk.xcframework */,
				EB6920D22BA19331003D153D /* INSCameraSDK.xcframework */,
				EB6920D42BA19331003D153D /* INSCoreMedia.framework */,
				EBC1E1D52B99A26C00DA35B4 /* WebRTC.xcframework */,
				EB9FE06B2B0B2516008D216F /* INSCameraSDK.xcframework */,
				EB9FE06C2B0B2517008D216F /* INSCoreMedia.framework */,
				EB6920D12BA19331003D153D /* WebRTC.xcframework */,
				EBFCBCB02B049A5700EBEE6F /* ReplayKit.framework */,
				953D7D5946C78121504043CD /* Pods_ios_app_insta360.framework */,
			);
			name = Frameworks;
			sourceTree = "<group>";
		};
		EBF161152B15B4600073B077 /* Insta360 */ = {
			isa = PBXGroup;
			children = (
				EBF1611A2B15B6100073B077 /* Resolutions */,
				EBF161162B15B4AE0073B077 /* Insta360CameraResolutionFactory.swift */,
				EBF161182B15B5800073B077 /* Insta360Resolution.swift */,
				EB090D572B2193A500193A27 /* Insta360OSCManager.swift */,
			);
			path = Insta360;
			sourceTree = "<group>";
		};
		EBF1611A2B15B6100073B077 /* Resolutions */ = {
			isa = PBXGroup;
			children = (
				EBF1611B2B15C75D0073B077 /* Insta360Nano.swift */,
				EBD898722B15D2B9003F18EF /* Insta360One.swift */,
				EBD898742B15D3BC003F18EF /* Insta360NanoS.swift */,
				EBD898762B16C063003F18EF /* Insta360OneX.swift */,
				EBD898782B16C3BA003F18EF /* Insta360X3.swift */,
				EBD8987A2B16C43C003F18EF /* Insta360EVO.swift */,
				EBD8987C2B16C62C003F18EF /* Insta360Go.swift */,
				EBD8987E2B16C776003F18EF /* Insta360OneR.swift */,
				EBD898802B16CC78003F18EF /* Insta360OneRS.swift */,
				EBD898822B16D1F9003F18EF /* Insta360Sphere.swift */,
				EBD898842B16DD14003F18EF /* Insta360Default.swift */,
			);
			path = Resolutions;
			sourceTree = "<group>";
		};
/* End PBXGroup section */

/* Begin PBXNativeTarget section */
		EBE29C1C29DFE88000D7AC59 /* ios_app_insta360 */ = {
			isa = PBXNativeTarget;
			buildConfigurationList = EBE29C3129DFE88300D7AC59 /* Build configuration list for PBXNativeTarget "ios_app_insta360" */;
			buildPhases = (
				838B448ADC483961ADF3F4DA /* [CP] Check Pods Manifest.lock */,
				EBE29C1929DFE88000D7AC59 /* Sources */,
				EBE29C1A29DFE88000D7AC59 /* Frameworks */,
				EBE29C1B29DFE88000D7AC59 /* Resources */,
				EBFCBCB92B049A5800EBEE6F /* Embed Foundation Extensions */,
				2369183EEBAD06AAFCD9B761 /* [CP] Embed Pods Frameworks */,
				EB6920DD2BA19331003D153D /* Embed Frameworks */,
			);
			buildRules = (
			);
			dependencies = (
			);
			name = ios_app_insta360;
			packageProductDependencies = (
			);
			productName = ios_app_insta360;
			productReference = EBE29C1D29DFE88000D7AC59 /* ios_app_insta360.app */;
			productType = "com.apple.product-type.application";
		};
/* End PBXNativeTarget section */

/* Begin PBXProject section */
		EBE29C1529DFE88000D7AC59 /* Project object */ = {
			isa = PBXProject;
			attributes = {
				BuildIndependentTargetsInParallel = 1;
				LastSwiftUpdateCheck = 1430;
				LastUpgradeCheck = 1520;
				TargetAttributes = {
					EBE29C1C29DFE88000D7AC59 = {
						CreatedOnToolsVersion = 14.1;
					};
				};
			};
			buildConfigurationList = EBE29C1829DFE88000D7AC59 /* Build configuration list for PBXProject "ios_app_insta360" */;
			compatibilityVersion = "Xcode 14.0";
			developmentRegion = en;
			hasScannedForEncodings = 0;
			knownRegions = (
				en,
				Base,
			);
			mainGroup = EBE29C1429DFE88000D7AC59;
			packageReferences = (
			);
			productRefGroup = EBE29C1E29DFE88000D7AC59 /* Products */;
			projectDirPath = "";
			projectRoot = "";
			targets = (
				EBE29C1C29DFE88000D7AC59 /* ios_app_insta360 */,
			);
		};
/* End PBXProject section */

/* Begin PBXResourcesBuildPhase section */
		EBE29C1B29DFE88000D7AC59 /* Resources */ = {
			isa = PBXResourcesBuildPhase;
			buildActionMask = 2147483647;
			files = (
				EBE29C2D29DFE88300D7AC59 /* LaunchScreen.storyboard in Resources */,
				EBA4DC612BB134F100D798E1 /* Main_iPad.storyboard in Resources */,
				EBE29C2A29DFE88300D7AC59 /* Assets.xcassets in Resources */,
				EBE29C2829DFE88100D7AC59 /* Main.storyboard in Resources */,
			);
			runOnlyForDeploymentPostprocessing = 0;
		};
/* End PBXResourcesBuildPhase section */

/* Begin PBXShellScriptBuildPhase section */
		2369183EEBAD06AAFCD9B761 /* [CP] Embed Pods Frameworks */ = {
			isa = PBXShellScriptBuildPhase;
			buildActionMask = 2147483647;
			files = (
			);
			inputFileListPaths = (
				"${PODS_ROOT}/Target Support Files/Pods-ios_app_insta360/Pods-ios_app_insta360-frameworks-${CONFIGURATION}-input-files.xcfilelist",
			);
			name = "[CP] Embed Pods Frameworks";
			outputFileListPaths = (
				"${PODS_ROOT}/Target Support Files/Pods-ios_app_insta360/Pods-ios_app_insta360-frameworks-${CONFIGURATION}-output-files.xcfilelist",
			);
			runOnlyForDeploymentPostprocessing = 0;
			shellPath = /bin/sh;
			shellScript = "\"${PODS_ROOT}/Target Support Files/Pods-ios_app_insta360/Pods-ios_app_insta360-frameworks.sh\"\n";
			showEnvVarsInLog = 0;
		};
		838B448ADC483961ADF3F4DA /* [CP] Check Pods Manifest.lock */ = {
			isa = PBXShellScriptBuildPhase;
			buildActionMask = 2147483647;
			files = (
			);
			inputFileListPaths = (
			);
			inputPaths = (
				"${PODS_PODFILE_DIR_PATH}/Podfile.lock",
				"${PODS_ROOT}/Manifest.lock",
			);
			name = "[CP] Check Pods Manifest.lock";
			outputFileListPaths = (
			);
			outputPaths = (
				"$(DERIVED_FILE_DIR)/Pods-ios_app_insta360-checkManifestLockResult.txt",
			);
			runOnlyForDeploymentPostprocessing = 0;
			shellPath = /bin/sh;
			shellScript = "diff \"${PODS_PODFILE_DIR_PATH}/Podfile.lock\" \"${PODS_ROOT}/Manifest.lock\" > /dev/null\nif [ $? != 0 ] ; then\n    # print error to STDERR\n    echo \"error: The sandbox is not in sync with the Podfile.lock. Run 'pod install' or update your CocoaPods installation.\" >&2\n    exit 1\nfi\n# This output is used by Xcode 'outputs' to avoid re-running this script phase.\necho \"SUCCESS\" > \"${SCRIPT_OUTPUT_FILE_0}\"\n";
			showEnvVarsInLog = 0;
		};
/* End PBXShellScriptBuildPhase section */

/* Begin PBXSourcesBuildPhase section */
		EBE29C1929DFE88000D7AC59 /* Sources */ = {
			isa = PBXSourcesBuildPhase;
			buildActionMask = 2147483647;
			files = (
				EBD898832B16D1F9003F18EF /* Insta360Sphere.swift in Sources */,
				EBD898752B15D3BC003F18EF /* Insta360NanoS.swift in Sources */,
				EBD8987B2B16C43C003F18EF /* Insta360EVO.swift in Sources */,
				EBD898792B16C3BA003F18EF /* Insta360X3.swift in Sources */,
				EBD898732B15D2B9003F18EF /* Insta360One.swift in Sources */,
				EBE29C2129DFE88000D7AC59 /* AppDelegate.swift in Sources */,
				EBFE960C2B01B46000F5E1F7 /* LSInsta360CameraViewController.swift in Sources */,
				EBD898772B16C063003F18EF /* Insta360OneX.swift in Sources */,
				EBD898852B16DD14003F18EF /* Insta360Default.swift in Sources */,
				EB1B0D242BB52D78005A7186 /* AppLogFormatter.swift in Sources */,
				EBF161172B15B4AE0073B077 /* Insta360CameraResolutionFactory.swift in Sources */,
				EBD8987D2B16C62C003F18EF /* Insta360Go.swift in Sources */,
				EB1B0D262BB52D8D005A7186 /* AppLogFileManager.swift in Sources */,
				EB1B0D222BB52D5E005A7186 /* AppLogger.swift in Sources */,
				EBE29C2329DFE88000D7AC59 /* SceneDelegate.swift in Sources */,
				EBF1611C2B15C75D0073B077 /* Insta360Nano.swift in Sources */,
				EB090D582B2193A500193A27 /* Insta360OSCManager.swift in Sources */,
				EBD898812B16CC78003F18EF /* Insta360OneRS.swift in Sources */,
				EBF161192B15B5800073B077 /* Insta360Resolution.swift in Sources */,
				EBD8987F2B16C776003F18EF /* Insta360OneR.swift in Sources */,
				EBD898872B170D85003F18EF /* Settings.swift in Sources */,
				EBC1E1E02B99A39A00DA35B4 /* AccessToken.swift in Sources */,
			);
			runOnlyForDeploymentPostprocessing = 0;
		};
/* End PBXSourcesBuildPhase section */

/* Begin PBXVariantGroup section */
		EBE29C2629DFE88100D7AC59 /* Main.storyboard */ = {
			isa = PBXVariantGroup;
			children = (
				EBE29C2729DFE88100D7AC59 /* Base */,
			);
			name = Main.storyboard;
			sourceTree = "<group>";
		};
		EBE29C2B29DFE88300D7AC59 /* LaunchScreen.storyboard */ = {
			isa = PBXVariantGroup;
			children = (
				EBE29C2C29DFE88300D7AC59 /* Base */,
			);
			name = LaunchScreen.storyboard;
			sourceTree = "<group>";
		};
/* End PBXVariantGroup section */

/* Begin XCBuildConfiguration section */
		EBE29C2F29DFE88300D7AC59 /* Debug */ = {
			isa = XCBuildConfiguration;
			baseConfigurationReference = 5F81C686035B288761AD6C82 /* Pods-ios_app_insta360.debug.xcconfig */;
			buildSettings = {
				ALWAYS_SEARCH_USER_PATHS = NO;
				CLANG_ANALYZER_NONNULL = YES;
				CLANG_ANALYZER_NUMBER_OBJECT_CONVERSION = YES_AGGRESSIVE;
				CLANG_CXX_LANGUAGE_STANDARD = "gnu++20";
				CLANG_ENABLE_MODULES = YES;
				CLANG_ENABLE_OBJC_ARC = YES;
				CLANG_ENABLE_OBJC_WEAK = YES;
				CLANG_WARN_BLOCK_CAPTURE_AUTORELEASING = YES;
				CLANG_WARN_BOOL_CONVERSION = YES;
				CLANG_WARN_COMMA = YES;
				CLANG_WARN_CONSTANT_CONVERSION = YES;
				CLANG_WARN_DEPRECATED_OBJC_IMPLEMENTATIONS = YES;
				CLANG_WARN_DIRECT_OBJC_ISA_USAGE = YES_ERROR;
				CLANG_WARN_DOCUMENTATION_COMMENTS = YES;
				CLANG_WARN_EMPTY_BODY = YES;
				CLANG_WARN_ENUM_CONVERSION = YES;
				CLANG_WARN_INFINITE_RECURSION = YES;
				CLANG_WARN_INT_CONVERSION = YES;
				CLANG_WARN_NON_LITERAL_NULL_CONVERSION = YES;
				CLANG_WARN_OBJC_IMPLICIT_RETAIN_SELF = YES;
				CLANG_WARN_OBJC_LITERAL_CONVERSION = YES;
				CLANG_WARN_OBJC_ROOT_CLASS = YES_ERROR;
				CLANG_WARN_QUOTED_INCLUDE_IN_FRAMEWORK_HEADER = YES;
				CLANG_WARN_RANGE_LOOP_ANALYSIS = YES;
				CLANG_WARN_STRICT_PROTOTYPES = YES;
				CLANG_WARN_SUSPICIOUS_MOVE = YES;
				CLANG_WARN_UNGUARDED_AVAILABILITY = YES_AGGRESSIVE;
				CLANG_WARN_UNREACHABLE_CODE = YES;
				CLANG_WARN__DUPLICATE_METHOD_MATCH = YES;
				COPY_PHASE_STRIP = NO;
				DEBUG_INFORMATION_FORMAT = dwarf;
				ENABLE_STRICT_OBJC_MSGSEND = YES;
				ENABLE_TESTABILITY = YES;
				ENABLE_USER_SCRIPT_SANDBOXING = NO;
				GCC_C_LANGUAGE_STANDARD = gnu11;
				GCC_DYNAMIC_NO_PIC = NO;
				GCC_NO_COMMON_BLOCKS = YES;
				GCC_OPTIMIZATION_LEVEL = 0;
				GCC_PREPROCESSOR_DEFINITIONS = (
					"DEBUG=1",
					"$(inherited)",
				);
				GCC_WARN_64_TO_32_BIT_CONVERSION = YES;
				GCC_WARN_ABOUT_RETURN_TYPE = YES_ERROR;
				GCC_WARN_UNDECLARED_SELECTOR = YES;
				GCC_WARN_UNINITIALIZED_AUTOS = YES_AGGRESSIVE;
				GCC_WARN_UNUSED_FUNCTION = YES;
				GCC_WARN_UNUSED_VARIABLE = YES;
				IPHONEOS_DEPLOYMENT_TARGET = 16.1;
				MTL_ENABLE_DEBUG_INFO = INCLUDE_SOURCE;
				MTL_FAST_MATH = YES;
				ONLY_ACTIVE_ARCH = YES;
				SDKROOT = iphoneos;
				SWIFT_ACTIVE_COMPILATION_CONDITIONS = DEBUG;
				SWIFT_OPTIMIZATION_LEVEL = "-Onone";
			};
			name = Debug;
		};
		EBE29C3029DFE88300D7AC59 /* Release */ = {
			isa = XCBuildConfiguration;
			baseConfigurationReference = 680E06EE481C07E0466E49C6 /* Pods-ios_app_insta360.release.xcconfig */;
			buildSettings = {
				ALWAYS_SEARCH_USER_PATHS = NO;
				CLANG_ANALYZER_NONNULL = YES;
				CLANG_ANALYZER_NUMBER_OBJECT_CONVERSION = YES_AGGRESSIVE;
				CLANG_CXX_LANGUAGE_STANDARD = "gnu++20";
				CLANG_ENABLE_MODULES = YES;
				CLANG_ENABLE_OBJC_ARC = YES;
				CLANG_ENABLE_OBJC_WEAK = YES;
				CLANG_WARN_BLOCK_CAPTURE_AUTORELEASING = YES;
				CLANG_WARN_BOOL_CONVERSION = YES;
				CLANG_WARN_COMMA = YES;
				CLANG_WARN_CONSTANT_CONVERSION = YES;
				CLANG_WARN_DEPRECATED_OBJC_IMPLEMENTATIONS = YES;
				CLANG_WARN_DIRECT_OBJC_ISA_USAGE = YES_ERROR;
				CLANG_WARN_DOCUMENTATION_COMMENTS = YES;
				CLANG_WARN_EMPTY_BODY = YES;
				CLANG_WARN_ENUM_CONVERSION = YES;
				CLANG_WARN_INFINITE_RECURSION = YES;
				CLANG_WARN_INT_CONVERSION = YES;
				CLANG_WARN_NON_LITERAL_NULL_CONVERSION = YES;
				CLANG_WARN_OBJC_IMPLICIT_RETAIN_SELF = YES;
				CLANG_WARN_OBJC_LITERAL_CONVERSION = YES;
				CLANG_WARN_OBJC_ROOT_CLASS = YES_ERROR;
				CLANG_WARN_QUOTED_INCLUDE_IN_FRAMEWORK_HEADER = YES;
				CLANG_WARN_RANGE_LOOP_ANALYSIS = YES;
				CLANG_WARN_STRICT_PROTOTYPES = YES;
				CLANG_WARN_SUSPICIOUS_MOVE = YES;
				CLANG_WARN_UNGUARDED_AVAILABILITY = YES_AGGRESSIVE;
				CLANG_WARN_UNREACHABLE_CODE = YES;
				CLANG_WARN__DUPLICATE_METHOD_MATCH = YES;
				COPY_PHASE_STRIP = NO;
				DEBUG_INFORMATION_FORMAT = "dwarf-with-dsym";
				ENABLE_NS_ASSERTIONS = NO;
				ENABLE_STRICT_OBJC_MSGSEND = YES;
				ENABLE_USER_SCRIPT_SANDBOXING = NO;
				GCC_C_LANGUAGE_STANDARD = gnu11;
				GCC_NO_COMMON_BLOCKS = YES;
				GCC_WARN_64_TO_32_BIT_CONVERSION = YES;
				GCC_WARN_ABOUT_RETURN_TYPE = YES_ERROR;
				GCC_WARN_UNDECLARED_SELECTOR = YES;
				GCC_WARN_UNINITIALIZED_AUTOS = YES_AGGRESSIVE;
				GCC_WARN_UNUSED_FUNCTION = YES;
				GCC_WARN_UNUSED_VARIABLE = YES;
				IPHONEOS_DEPLOYMENT_TARGET = 16.1;
				MTL_ENABLE_DEBUG_INFO = NO;
				MTL_FAST_MATH = YES;
				SDKROOT = iphoneos;
				SWIFT_COMPILATION_MODE = wholemodule;
				SWIFT_OPTIMIZATION_LEVEL = "-O";
				VALIDATE_PRODUCT = YES;
			};
			name = Release;
		};
		EBE29C3229DFE88300D7AC59 /* Debug */ = {
			isa = XCBuildConfiguration;
			baseConfigurationReference = EBD898882B171265003F18EF /* Config.debug.xcconfig */;
			buildSettings = {
				ASSETCATALOG_COMPILER_APPICON_NAME = AppIcon;
				ASSETCATALOG_COMPILER_GLOBAL_ACCENT_COLOR_NAME = AccentColor;
				CODE_SIGN_ENTITLEMENTS = "";
				CODE_SIGN_IDENTITY = "Apple Development";
				CODE_SIGN_STYLE = Automatic;
				CURRENT_PROJECT_VERSION = 1;
				DEVELOPMENT_TEAM = "$(inherited)";
				FRAMEWORK_SEARCH_PATHS = (
					"$(inherited)",
					"$(PROJECT_DIR)/Frameworks",
				);
				GENERATE_INFOPLIST_FILE = YES;
				INFOPLIST_FILE = ios_app_insta360/Info.plist;
				INFOPLIST_KEY_CFBundleDisplayName = "RICOH Live Streaming Client Insta360 Sample";
				INFOPLIST_KEY_NSCameraUsageDescription = "";
				INFOPLIST_KEY_NSMicrophoneUsageDescription = "";
				INFOPLIST_KEY_UIApplicationSupportsIndirectInputEvents = YES;
				INFOPLIST_KEY_UILaunchStoryboardName = LaunchScreen;
				INFOPLIST_KEY_UIMainStoryboardFile = Main;
				INFOPLIST_KEY_UISupportedInterfaceOrientations_iPad = "UIInterfaceOrientationPortrait UIInterfaceOrientationPortraitUpsideDown UIInterfaceOrientationLandscapeLeft UIInterfaceOrientationLandscapeRight";
				INFOPLIST_KEY_UISupportedInterfaceOrientations_iPhone = "UIInterfaceOrientationPortrait UIInterfaceOrientationLandscapeLeft UIInterfaceOrientationLandscapeRight";
				IPHONEOS_DEPLOYMENT_TARGET = 15.0;
				LD_RUNPATH_SEARCH_PATHS = (
					"$(inherited)",
					"@executable_path/Frameworks",
				);
				LIBRARY_SEARCH_PATHS = "";
				MARKETING_VERSION = 1.0;
				PRODUCT_BUNDLE_IDENTIFIER = "com.ricoh.livestreaming.app.ios-app-insta360";
				PRODUCT_NAME = "$(TARGET_NAME)";
				PROVISIONING_PROFILE_SPECIFIER = "";
				SWIFT_EMIT_LOC_STRINGS = YES;
				SWIFT_VERSION = 5.0;
				TARGETED_DEVICE_FAMILY = "1,2";
			};
			name = Debug;
		};
		EBE29C3329DFE88300D7AC59 /* Release */ = {
			isa = XCBuildConfiguration;
			baseConfigurationReference = EBD8988A2B17168B003F18EF /* Config.release.xcconfig */;
			buildSettings = {
				ASSETCATALOG_COMPILER_APPICON_NAME = AppIcon;
				ASSETCATALOG_COMPILER_GLOBAL_ACCENT_COLOR_NAME = AccentColor;
				CODE_SIGN_ENTITLEMENTS = "";
				CODE_SIGN_IDENTITY = "Apple Development";
				CODE_SIGN_STYLE = Automatic;
				CURRENT_PROJECT_VERSION = 1;
				DEVELOPMENT_TEAM = "$(inherited)";
				FRAMEWORK_SEARCH_PATHS = (
					"$(inherited)",
					"$(PROJECT_DIR)/Frameworks",
				);
				GENERATE_INFOPLIST_FILE = YES;
				INFOPLIST_FILE = ios_app_insta360/Info.plist;
				INFOPLIST_KEY_CFBundleDisplayName = "RICOH Live Streaming Client Insta360 Sample";
				INFOPLIST_KEY_NSCameraUsageDescription = "";
				INFOPLIST_KEY_NSMicrophoneUsageDescription = "";
				INFOPLIST_KEY_UIApplicationSupportsIndirectInputEvents = YES;
				INFOPLIST_KEY_UILaunchStoryboardName = LaunchScreen;
				INFOPLIST_KEY_UIMainStoryboardFile = Main;
				INFOPLIST_KEY_UISupportedInterfaceOrientations_iPad = "UIInterfaceOrientationPortrait UIInterfaceOrientationPortraitUpsideDown UIInterfaceOrientationLandscapeLeft UIInterfaceOrientationLandscapeRight";
				INFOPLIST_KEY_UISupportedInterfaceOrientations_iPhone = "UIInterfaceOrientationPortrait UIInterfaceOrientationLandscapeLeft UIInterfaceOrientationLandscapeRight";
				IPHONEOS_DEPLOYMENT_TARGET = 15.0;
				LD_RUNPATH_SEARCH_PATHS = (
					"$(inherited)",
					"@executable_path/Frameworks",
				);
				LIBRARY_SEARCH_PATHS = "";
				MARKETING_VERSION = 1.0;
				PRODUCT_BUNDLE_IDENTIFIER = "com.ricoh.livestreaming.app.ios-app-insta360";
				PRODUCT_NAME = "$(TARGET_NAME)";
				PROVISIONING_PROFILE_SPECIFIER = "";
				SWIFT_EMIT_LOC_STRINGS = YES;
				SWIFT_VERSION = 5.0;
				TARGETED_DEVICE_FAMILY = "1,2";
			};
			name = Release;
		};
/* End XCBuildConfiguration section */

/* Begin XCConfigurationList section */
		EBE29C1829DFE88000D7AC59 /* Build configuration list for PBXProject "ios_app_insta360" */ = {
			isa = XCConfigurationList;
			buildConfigurations = (
				EBE29C2F29DFE88300D7AC59 /* Debug */,
				EBE29C3029DFE88300D7AC59 /* Release */,
			);
			defaultConfigurationIsVisible = 0;
			defaultConfigurationName = Release;
		};
		EBE29C3129DFE88300D7AC59 /* Build configuration list for PBXNativeTarget "ios_app_insta360" */ = {
			isa = XCConfigurationList;
			buildConfigurations = (
				EBE29C3229DFE88300D7AC59 /* Debug */,
				EBE29C3329DFE88300D7AC59 /* Release */,
			);
			defaultConfigurationIsVisible = 0;
			defaultConfigurationName = Release;
		};
/* End XCConfigurationList section */
	};
	rootObject = EBE29C1529DFE88000D7AC59 /* Project object */;
}
